// !$*UTF8*$!
{
	archiveVersion = 1;
	classes = {
	};
	objectVersion = 46;
	objects = {

/* Begin PBXBuildFile section */
		71979BEE1EA8571E00D78F0B /* AppDelegate.swift in Sources */ = {isa = PBXBuildFile; fileRef = 71979BED1EA8571E00D78F0B /* AppDelegate.swift */; };
		71979BF01EA8571E00D78F0B /* ViewController.swift in Sources */ = {isa = PBXBuildFile; fileRef = 71979BEF1EA8571E00D78F0B /* ViewController.swift */; };
		71979BF31EA8571E00D78F0B /* Main.storyboard in Resources */ = {isa = PBXBuildFile; fileRef = 71979BF11EA8571E00D78F0B /* Main.storyboard */; };
		71979BF51EA8571E00D78F0B /* Assets.xcassets in Resources */ = {isa = PBXBuildFile; fileRef = 71979BF41EA8571E00D78F0B /* Assets.xcassets */; };
		71979BF81EA8571E00D78F0B /* LaunchScreen.storyboard in Resources */ = {isa = PBXBuildFile; fileRef = 71979BF61EA8571E00D78F0B /* LaunchScreen.storyboard */; };
		71979C001EA85DAB00D78F0B /* TblViewControllerTrips.swift in Sources */ = {isa = PBXBuildFile; fileRef = 71979BFF1EA85DAB00D78F0B /* TblViewControllerTrips.swift */; };
		71979C021EA85DC700D78F0B /* TblViewControllerTripInfo.swift in Sources */ = {isa = PBXBuildFile; fileRef = 71979C011EA85DC700D78F0B /* TblViewControllerTripInfo.swift */; };
/* End PBXBuildFile section */

/* Begin PBXFileReference section */
		71979BEA1EA8571E00D78F0B /* TripGalleryApp.app */ = {isa = PBXFileReference; explicitFileType = wrapper.application; includeInIndex = 0; path = TripGalleryApp.app; sourceTree = BUILT_PRODUCTS_DIR; };
		71979BED1EA8571E00D78F0B /* AppDelegate.swift */ = {isa = PBXFileReference; lastKnownFileType = sourcecode.swift; path = AppDelegate.swift; sourceTree = "<group>"; };
		71979BEF1EA8571E00D78F0B /* ViewController.swift */ = {isa = PBXFileReference; lastKnownFileType = sourcecode.swift; path = ViewController.swift; sourceTree = "<group>"; };
		71979BF21EA8571E00D78F0B /* Base */ = {isa = PBXFileReference; lastKnownFileType = file.storyboard; name = Base; path = Base.lproj/Main.storyboard; sourceTree = "<group>"; };
		71979BF41EA8571E00D78F0B /* Assets.xcassets */ = {isa = PBXFileReference; lastKnownFileType = folder.assetcatalog; path = Assets.xcassets; sourceTree = "<group>"; };
		71979BF71EA8571E00D78F0B /* Base */ = {isa = PBXFileReference; lastKnownFileType = file.storyboard; name = Base; path = Base.lproj/LaunchScreen.storyboard; sourceTree = "<group>"; };
		71979BF91EA8571E00D78F0B /* Info.plist */ = {isa = PBXFileReference; lastKnownFileType = text.plist.xml; path = Info.plist; sourceTree = "<group>"; };
		71979BFF1EA85DAB00D78F0B /* TblViewControllerTrips.swift */ = {isa = PBXFileReference; fileEncoding = 4; lastKnownFileType = sourcecode.swift; path = TblViewControllerTrips.swift; sourceTree = "<group>"; };
		71979C011EA85DC700D78F0B /* TblViewControllerTripInfo.swift */ = {isa = PBXFileReference; fileEncoding = 4; lastKnownFileType = sourcecode.swift; path = TblViewControllerTripInfo.swift; sourceTree = "<group>"; };
/* End PBXFileReference section */

/* Begin PBXFrameworksBuildPhase section */
		71979BE71EA8571E00D78F0B /* Frameworks */ = {
			isa = PBXFrameworksBuildPhase;
			buildActionMask = 2147483647;
			files = (
			);
			runOnlyForDeploymentPostprocessing = 0;
		};
/* End PBXFrameworksBuildPhase section */

/* Begin PBXGroup section */
		71979BE11EA8571E00D78F0B = {
			isa = PBXGroup;
			children = (
				71979BEC1EA8571E00D78F0B /* TripGalleryApp */,
				71979BEB1EA8571E00D78F0B /* Products */,
			);
			sourceTree = "<group>";
		};
		71979BEB1EA8571E00D78F0B /* Products */ = {
			isa = PBXGroup;
			children = (
				71979BEA1EA8571E00D78F0B /* TripGalleryApp.app */,
			);
			name = Products;
			sourceTree = "<group>";
		};
		71979BEC1EA8571E00D78F0B /* TripGalleryApp */ = {
			isa = PBXGroup;
			children = (
				71979BED1EA8571E00D78F0B /* AppDelegate.swift */,
				71979BEF1EA8571E00D78F0B /* ViewController.swift */,
				71979BF11EA8571E00D78F0B /* Main.storyboard */,
				71979BFF1EA85DAB00D78F0B /* TblViewControllerTrips.swift */,
				71979C011EA85DC700D78F0B /* TblViewControllerTripInfo.swift */,
				71979BF41EA8571E00D78F0B /* Assets.xcassets */,
				71979BF61EA8571E00D78F0B /* LaunchScreen.storyboard */,
				71979BF91EA8571E00D78F0B /* Info.plist */,
			);
			path = TripGalleryApp;
			sourceTree = "<group>";
		};
/* End PBXGroup section */

/* Begin PBXNativeTarget section */
		71979BE91EA8571E00D78F0B /* TripGalleryApp */ = {
			isa = PBXNativeTarget;
			buildConfigurationList = 71979BFC1EA8571E00D78F0B /* Build configuration list for PBXNativeTarget "TripGalleryApp" */;
			buildPhases = (
				71979BE61EA8571E00D78F0B /* Sources */,
				71979BE71EA8571E00D78F0B /* Frameworks */,
				71979BE81EA8571E00D78F0B /* Resources */,
			);
			buildRules = (
			);
			dependencies = (
			);
			name = TripGalleryApp;
			productName = TripGalleryApp;
			productReference = 71979BEA1EA8571E00D78F0B /* TripGalleryApp.app */;
			productType = "com.apple.product-type.application";
		};
/* End PBXNativeTarget section */

/* Begin PBXProject section */
		71979BE21EA8571E00D78F0B /* Project object */ = {
			isa = PBXProject;
			attributes = {
				LastSwiftUpdateCheck = 0830;
				LastUpgradeCheck = 0830;
				ORGANIZATIONNAME = "HONG LY";
				TargetAttributes = {
					71979BE91EA8571E00D78F0B = {
						CreatedOnToolsVersion = 8.3;
						DevelopmentTeam = 24SM6522LU;
						ProvisioningStyle = Automatic;
					};
				};
			};
			buildConfigurationList = 71979BE51EA8571E00D78F0B /* Build configuration list for PBXProject "TripGalleryApp" */;
			compatibilityVersion = "Xcode 3.2";
			developmentRegion = English;
			hasScannedForEncodings = 0;
			knownRegions = (
				en,
				Base,
			);
			mainGroup = 71979BE11EA8571E00D78F0B;
			productRefGroup = 71979BEB1EA8571E00D78F0B /* Products */;
			projectDirPath = "";
			projectRoot = "";
			targets = (
				71979BE91EA8571E00D78F0B /* TripGalleryApp */,
			);
		};
/* End PBXProject section */

/* Begin PBXResourcesBuildPhase section */
		71979BE81EA8571E00D78F0B /* Resources */ = {
			isa = PBXResourcesBuildPhase;
			buildActionMask = 2147483647;
			files = (
				71979BF81EA8571E00D78F0B /* LaunchScreen.storyboard in Resources */,
				71979BF51EA8571E00D78F0B /* Assets.xcassets in Resources */,
				71979BF31EA8571E00D78F0B /* Main.storyboard in Resources */,
			);
			runOnlyForDeploymentPostprocessing = 0;
		};
/* End PBXResourcesBuildPhase section */

/* Begin PBXSourcesBuildPhase section */
		71979BE61EA8571E00D78F0B /* Sources */ = {
			isa = PBXSourcesBuildPhase;
			buildActionMask = 2147483647;
			files = (
				71979C001EA85DAB00D78F0B /* TblViewControllerTrips.swift in Sources */,
				71979BF01EA8571E00D78F0B /* ViewController.swift in Sources */,
				71979C021EA85DC700D78F0B /* TblViewControllerTripInfo.swift in Sources */,
				71979BEE1EA8571E00D78F0B /* AppDelegate.swift in Sources */,
			);
			runOnlyForDeploymentPostprocessing = 0;
		};
/* End PBXSourcesBuildPhase section */

/* Begin PBXVariantGroup section */
		71979BF11EA8571E00D78F0B /* Main.storyboard */ = {
			isa = PBXVariantGroup;
			children = (
				71979BF21EA8571E00D78F0B /* Base */,
			);
			name = Main.storyboard;
			sourceTree = "<group>";
		};
		71979BF61EA8571E00D78F0B /* LaunchScreen.storyboard */ = {
			isa = PBXVariantGroup;
			children = (
				71979BF71EA8571E00D78F0B /* Base */,
			);
			name = LaunchScreen.storyboard;
			sourceTree = "<group>";
		};
/* End PBXVariantGroup section */

/* Begin XCBuildConfiguration section */
		71979BFA1EA8571E00D78F0B /* Debug */ = {
			isa = XCBuildConfiguration;
			buildSettings = {
				ALWAYS_SEARCH_USER_PATHS = NO;
				CLANG_ANALYZER_NONNULL = YES;
				CLANG_ANALYZER_NUMBER_OBJECT_CONVERSION = YES_AGGRESSIVE;
				CLANG_CXX_LANGUAGE_STANDARD = "gnu++0x";
				CLANG_CXX_LIBRARY = "libc++";
				CLANG_ENABLE_MODULES = YES;
				CLANG_ENABLE_OBJC_ARC = YES;
				CLANG_WARN_BOOL_CONVERSION = YES;
				CLANG_WARN_CONSTANT_CONVERSION = YES;
				CLANG_WARN_DIRECT_OBJC_ISA_USAGE = YES_ERROR;
				CLANG_WARN_DOCUMENTATION_COMMENTS = YES;
				CLANG_WARN_EMPTY_BODY = YES;
				CLANG_WARN_ENUM_CONVERSION = YES;
				CLANG_WARN_INFINITE_RECURSION = YES;
				CLANG_WARN_INT_CONVERSION = YES;
				CLANG_WARN_OBJC_ROOT_CLASS = YES_ERROR;
				CLANG_WARN_SUSPICIOUS_MOVE = YES;
				CLANG_WARN_UNREACHABLE_CODE = YES;
				CLANG_WARN__DUPLICATE_METHOD_MATCH = YES;
				"CODE_SIGN_IDENTITY[sdk=iphoneos*]" = "iPhone Developer";
				COPY_PHASE_STRIP = NO;
				DEBUG_INFORMATION_FORMAT = dwarf;
				ENABLE_STRICT_OBJC_MSGSEND = YES;
				ENABLE_TESTABILITY = YES;
				GCC_C_LANGUAGE_STANDARD = gnu99;
				GCC_DYNAMIC_NO_PIC = NO;
				GCC_NO_COMMON_BLOCKS = YES;
				GCC_OPTIMIZATION_LEVEL = 0;
				GCC_PREPROCESSOR_DEFINITIONS = (
					"DEBUG=1",
					"$(inherited)",
				);
				GCC_WARN_64_TO_32_BIT_CONVERSION = YES;
				GCC_WARN_ABOUT_RETURN_TYPE = YES_ERROR;
				GCC_WARN_UNDECLARED_SELECTOR = YES;
				GCC_WARN_UNINITIALIZED_AUTOS = YES_AGGRESSIVE;
				GCC_WARN_UNUSED_FUNCTION = YES;
				GCC_WARN_UNUSED_VARIABLE = YES;
				IPHONEOS_DEPLOYMENT_TARGET = 10.3;
				MTL_ENABLE_DEBUG_INFO = YES;
				ONLY_ACTIVE_ARCH = YES;
				SDKROOT = iphoneos;
				SWIFT_ACTIVE_COMPILATION_CONDITIONS = DEBUG;
				SWIFT_OPTIMIZATION_LEVEL = "-Onone";
				TARGETED_DEVICE_FAMILY = "1,2";
			};
			name = Debug;
		};
		71979BFB1EA8571E00D78F0B /* Release */ = {
			isa = XCBuildConfiguration;
			buildSettings = {
				ALWAYS_SEARCH_USER_PATHS = NO;
				CLANG_ANALYZER_NONNULL = YES;
				CLANG_ANALYZER_NUMBER_OBJECT_CONVERSION = YES_AGGRESSIVE;
				CLANG_CXX_LANGUAGE_STANDARD = "gnu++0x";
				CLANG_CXX_LIBRARY = "libc++";
				CLANG_ENABLE_MODULES = YES;
				CLANG_ENABLE_OBJC_ARC = YES;
				CLANG_WARN_BOOL_CONVERSION = YES;
				CLANG_WARN_CONSTANT_CONVERSION = YES;
				CLANG_WARN_DIRECT_OBJC_ISA_USAGE = YES_ERROR;
				CLANG_WARN_DOCUMENTATION_COMMENTS = YES;
				CLANG_WARN_EMPTY_BODY = YES;
				CLANG_WARN_ENUM_CONVERSION = YES;
				CLANG_WARN_INFINITE_RECURSION = YES;
				CLANG_WARN_INT_CONVERSION = YES;
				CLANG_WARN_OBJC_ROOT_CLASS = YES_ERROR;
				CLANG_WARN_SUSPICIOUS_MOVE = YES;
				CLANG_WARN_UNREACHABLE_CODE = YES;
				CLANG_WARN__DUPLICATE_METHOD_MATCH = YES;
				"CODE_SIGN_IDENTITY[sdk=iphoneos*]" = "iPhone Developer";
				COPY_PHASE_STRIP = NO;
				DEBUG_INFORMATION_FORMAT = "dwarf-with-dsym";
				ENABLE_NS_ASSERTIONS = NO;
				ENABLE_STRICT_OBJC_MSGSEND = YES;
				GCC_C_LANGUAGE_STANDARD = gnu99;
				GCC_NO_COMMON_BLOCKS = YES;
				GCC_WARN_64_TO_32_BIT_CONVERSION = YES;
				GCC_WARN_ABOUT_RETURN_TYPE = YES_ERROR;
				GCC_WARN_UNDECLARED_SELECTOR = YES;
				GCC_WARN_UNINITIALIZED_AUTOS = YES_AGGRESSIVE;
				GCC_WARN_UNUSED_FUNCTION = YES;
				GCC_WARN_UNUSED_VARIABLE = YES;
				IPHONEOS_DEPLOYMENT_TARGET = 10.3;
				MTL_ENABLE_DEBUG_INFO = NO;
				SDKROOT = iphoneos;
				SWIFT_OPTIMIZATION_LEVEL = "-Owholemodule";
				TARGETED_DEVICE_FAMILY = "1,2";
				VALIDATE_PRODUCT = YES;
			};
			name = Release;
		};
		71979BFD1EA8571E00D78F0B /* Debug */ = {
			isa = XCBuildConfiguration;
			buildSettings = {
				ASSETCATALOG_COMPILER_APPICON_NAME = AppIcon;
				DEVELOPMENT_TEAM = 24SM6522LU;
				INFOPLIST_FILE = TripGalleryApp/Info.plist;
				LD_RUNPATH_SEARCH_PATHS = "$(inherited) @executable_path/Frameworks";
				PRODUCT_BUNDLE_IDENTIFIER = Deakin.TripGalleryApp;
				PRODUCT_NAME = "$(TARGET_NAME)";
				SWIFT_VERSION = 3.0;
			};
			name = Debug;
		};
		71979BFE1EA8571E00D78F0B /* Release */ = {
			isa = XCBuildConfiguration;
			buildSettings = {
				ASSETCATALOG_COMPILER_APPICON_NAME = AppIcon;
				DEVELOPMENT_TEAM = 24SM6522LU;
				INFOPLIST_FILE = TripGalleryApp/Info.plist;
				LD_RUNPATH_SEARCH_PATHS = "$(inherited) @executable_path/Frameworks";
				PRODUCT_BUNDLE_IDENTIFIER = Deakin.TripGalleryApp;
				PRODUCT_NAME = "$(TARGET_NAME)";
				SWIFT_VERSION = 3.0;
			};
			name = Release;
		};
/* End XCBuildConfiguration section */

/* Begin XCConfigurationList section */
		71979BE51EA8571E00D78F0B /* Build configuration list for PBXProject "TripGalleryApp" */ = {
			isa = XCConfigurationList;
			buildConfigurations = (
				71979BFA1EA8571E00D78F0B /* Debug */,
				71979BFB1EA8571E00D78F0B /* Release */,
			);
			defaultConfigurationIsVisible = 0;
			defaultConfigurationName = Release;
		};
		71979BFC1EA8571E00D78F0B /* Build configuration list for PBXNativeTarget "TripGalleryApp" */ = {
			isa = XCConfigurationList;
			buildConfigurations = (
				71979BFD1EA8571E00D78F0B /* Debug */,
				71979BFE1EA8571E00D78F0B /* Release */,
			);
			defaultConfigurationIsVisible = 0;
		};
/* End XCConfigurationList section */
	};
	rootObject = 71979BE21EA8571E00D78F0B /* Project object */;
}
